
Microsoft Visual Studio Solution File, Format Version 12.00
# Visual Studio Version 17
VisualStudioVersion = 17.5.33502.453
MinimumVisualStudioVersion = 10.0.40219.1
Project("{FAE04EC0-301F-11D3-BF4B-00C04F79EFBC}") = "CRUDAPPDOTNETCORE1", "CRUDAPPDOTNETCORE1\CRUDAPPDOTNETCORE1.csproj", "{1031C8EC-0A89-4F4B-830E-3EF2BD5B3BFF}"
EndProject
Global
	GlobalSection(SolutionConfigurationPlatforms) = preSolution
		Debug|Any CPU = Debug|Any CPU
		Release|Any CPU = Release|Any CPU
	EndGlobalSection
	GlobalSection(ProjectConfigurationPlatforms) = postSolution
		{1031C8EC-0A89-4F4B-830E-3EF2BD5B3BFF}.Debug|Any CPU.ActiveCfg = Debug|Any CPU
		{1031C8EC-0A89-4F4B-830E-3EF2BD5B3BFF}.Debug|Any CPU.Build.0 = Debug|Any CPU
		{1031C8EC-0A89-4F4B-830E-3EF2BD5B3BFF}.Release|Any CPU.ActiveCfg = Release|Any CPU
		{1031C8EC-0A89-4F4B-830E-3EF2BD5B3BFF}.Release|Any CPU.Build.0 = Release|Any CPU
	EndGlobalSection
	GlobalSection(SolutionProperties) = preSolution
		HideSolutionNode = FALSE
	EndGlobalSection
	GlobalSection(ExtensibilityGlobals) = postSolution
		SolutionGuid = {6F29D38D-E028-482C-B242-4AD1A5F93F81}
	EndGlobalSection
EndGlobal
